
Microsoft Visual Studio Solution File, Format Version 12.00
# Visual Studio Version 16
VisualStudioVersion = 16.0.29709.97
MinimumVisualStudioVersion = 10.0.40219.1
Project("{FAE04EC0-301F-11D3-BF4B-00C04F79EFBC}") = "BVA-TestingExample", "BVA-TestingExample\BVA-TestingExample.csproj", "{8DA9F50F-8FE9-40DD-B91F-EB282E7AA6EA}"
EndProject
Global
	GlobalSection(SolutionConfigurationPlatforms) = preSolution
		Debug|Any CPU = Debug|Any CPU
		Release|Any CPU = Release|Any CPU
	EndGlobalSection
	GlobalSection(ProjectConfigurationPlatforms) = postSolution
		{8DA9F50F-8FE9-40DD-B91F-EB282E7AA6EA}.Debug|Any CPU.ActiveCfg = Debug|Any CPU
		{8DA9F50F-8FE9-40DD-B91F-EB282E7AA6EA}.Debug|Any CPU.Build.0 = Debug|Any CPU
		{8DA9F50F-8FE9-40DD-B91F-EB282E7AA6EA}.Release|Any CPU.ActiveCfg = Release|Any CPU
		{8DA9F50F-8FE9-40DD-B91F-EB282E7AA6EA}.Release|Any CPU.Build.0 = Release|Any CPU
	EndGlobalSection
	GlobalSection(SolutionProperties) = preSolution
		HideSolutionNode = FALSE
	EndGlobalSection
	GlobalSection(ExtensibilityGlobals) = postSolution
		SolutionGuid = {224C9970-2EB7-400A-8698-304AF4630E5C}
	EndGlobalSection
EndGlobal
